
Microsoft Visual Studio Solution File, Format Version 12.00
# Visual Studio Version 17
VisualStudioVersion = 17.0.31903.59
MinimumVisualStudioVersion = 10.0.40219.1
Project("{FAE04EC0-301F-11D3-BF4B-00C04F79EFBC}") = "DonationLibrary", "DonationLibrary\DonationLibrary.csproj", "{F9BDB133-14E5-4968-96B9-317D9E4BF434}"
EndProject
Project("{FAE04EC0-301F-11D3-BF4B-00C04F79EFBC}") = "ServerBlazorFC", "ServerBlazorFC\ServerBlazorFC.csproj", "{60E8A4EF-9E9D-4B7C-9757-4CECC2F1CDBA}"
EndProject
Global
	GlobalSection(SolutionConfigurationPlatforms) = preSolution
		Debug|Any CPU = Debug|Any CPU
		Release|Any CPU = Release|Any CPU
	EndGlobalSection
	GlobalSection(SolutionProperties) = preSolution
		HideSolutionNode = FALSE
	EndGlobalSection
	GlobalSection(ProjectConfigurationPlatforms) = postSolution
		{F9BDB133-14E5-4968-96B9-317D9E4BF434}.Debug|Any CPU.ActiveCfg = Debug|Any CPU
		{F9BDB133-14E5-4968-96B9-317D9E4BF434}.Debug|Any CPU.Build.0 = Debug|Any CPU
		{F9BDB133-14E5-4968-96B9-317D9E4BF434}.Release|Any CPU.ActiveCfg = Release|Any CPU
		{F9BDB133-14E5-4968-96B9-317D9E4BF434}.Release|Any CPU.Build.0 = Release|Any CPU
		{60E8A4EF-9E9D-4B7C-9757-4CECC2F1CDBA}.Debug|Any CPU.ActiveCfg = Debug|Any CPU
		{60E8A4EF-9E9D-4B7C-9757-4CECC2F1CDBA}.Debug|Any CPU.Build.0 = Debug|Any CPU
		{60E8A4EF-9E9D-4B7C-9757-4CECC2F1CDBA}.Release|Any CPU.ActiveCfg = Release|Any CPU
		{60E8A4EF-9E9D-4B7C-9757-4CECC2F1CDBA}.Release|Any CPU.Build.0 = Release|Any CPU
	EndGlobalSection
EndGlobal
